
Microsoft Visual Studio Solution File, Format Version 12.00
# Visual Studio Version 17
VisualStudioVersion = 17.2.32630.192
MinimumVisualStudioVersion = 10.0.40219.1
Project("{FAE04EC0-301F-11D3-BF4B-00C04F79EFBC}") = "LeaveManagement.Web", "LeaveManagement.Web\LeaveManagement.Web.csproj", "{A52216E7-F6F1-4190-8CD5-7F8E18BB99DF}"
EndProject
Global
	GlobalSection(SolutionConfigurationPlatforms) = preSolution
		Debug|Any CPU = Debug|Any CPU
		Release|Any CPU = Release|Any CPU
	EndGlobalSection
	GlobalSection(ProjectConfigurationPlatforms) = postSolution
		{A52216E7-F6F1-4190-8CD5-7F8E18BB99DF}.Debug|Any CPU.ActiveCfg = Debug|Any CPU
		{A52216E7-F6F1-4190-8CD5-7F8E18BB99DF}.Debug|Any CPU.Build.0 = Debug|Any CPU
		{A52216E7-F6F1-4190-8CD5-7F8E18BB99DF}.Release|Any CPU.ActiveCfg = Release|Any CPU
		{A52216E7-F6F1-4190-8CD5-7F8E18BB99DF}.Release|Any CPU.Build.0 = Release|Any CPU
	EndGlobalSection
	GlobalSection(SolutionProperties) = preSolution
		HideSolutionNode = FALSE
	EndGlobalSection
	GlobalSection(ExtensibilityGlobals) = postSolution
		SolutionGuid = {EC5936BC-5A5C-4279-8396-E955D59D4E21}
	EndGlobalSection
EndGlobal
